# @generated - this file is auto-generated by `mise lock` https://mise.en.dev/dev-tools/mise-lock.html

[[tools.node]]
version = "20.15.1"
backend = "core:node"

[tools.node."platforms.linux-arm64"]
checksum = "sha256:8554c91ccd32782351035d3a9b168ad01c6922480800a21870fc5d6d86c2bb70"
url = "https://nodejs.org/dist/v20.15.1/node-v20.15.1-linux-arm64.tar.gz"

[tools.node."platforms.linux-arm64-musl"]
url = "https://unofficial-builds.nodejs.org/download/release/v20.15.1/node-v20.15.1-linux-arm64-musl.tar.gz"

[tools.node."platforms.linux-x64"]
checksum = "sha256:a9db028c0a1c63e3aa0d97de24b0966bc507d8239b3aedc4e752eea6b0580665"
url = "https://nodejs.org/dist/v20.15.1/node-v20.15.1-linux-x64.tar.gz"

[tools.node."platforms.linux-x64-musl"]
checksum = "sha256:dae1531b366f8406d7dd169a4c933141579ce8950aeed355261d8014c9ea2c7e"
url = "https://unofficial-builds.nodejs.org/download/release/v20.15.1/node-v20.15.1-linux-x64-musl.tar.gz"

[tools.node."platforms.macos-arm64"]
checksum = "sha256:4743bc042f90ba5d9edf09403207290a9cdd2f6061bdccf7caaa0bbfd49f343e"
url = "https://nodejs.org/dist/v20.15.1/node-v20.15.1-darwin-arm64.tar.gz"

[tools.node."platforms.macos-x64"]
checksum = "sha256:f5379772ffae1404cfd1fcc8cf0c6c5971306b8fb2090d348019047306de39dc"
url = "https://nodejs.org/dist/v20.15.1/node-v20.15.1-darwin-x64.tar.gz"

[tools.node."platforms.windows-x64"]
checksum = "sha256:ba6c3711e2c3d0638c5f7cea3c234553808a73c52a5962a6cdb47b5210b70b04"
url = "https://nodejs.org/dist/v20.15.1/node-v20.15.1-win-x64.zip"

[[tools.yarn]]
version = "4.16.0"
backend = "vfox:mise-plugins/vfox-yarn"
